
Microsoft Visual Studio Solution File, Format Version 12.00
# Visual Studio 2013
VisualStudioVersion = 12.0.40302.0
MinimumVisualStudioVersion = 10.0.40219.1
Project("{FAE04EC0-301F-11D3-BF4B-00C04F79EFBC}") = "CommonProvider", "CommonProvider\CommonProvider.csproj", "{A1387B8D-1C93-42EF-BF76-1E34A97AB5F3}"
EndProject
Project("{FAE04EC0-301F-11D3-BF4B-00C04F79EFBC}") = "CommonProvider.Tests", "CommonProvider.Tests\CommonProvider.Tests.csproj", "{7F7C1F14-EDE4-4FF3-B129-02230255E9B1}"
EndProject
Project("{2150E333-8FDC-42A3-9474-1A3956D46DE8}") = "Examples", "Examples", "{02A564C5-A9A8-4EF2-90A7-CB47D735003B}"
EndProject
Project("{FAE04EC0-301F-11D3-BF4B-00C04F79EFBC}") = "CommonProvider.Example", "Examples\CommonProvider.Example\CommonProvider.Example.csproj", "{7EB477D3-A1AB-4BC6-A053-A380A7B7859A}"
EndProject
Project("{FAE04EC0-301F-11D3-BF4B-00C04F79EFBC}") = "CommonProvider.Example.SimpleProvider.Lib", "Examples\CommonProvider.Example.SimpleProvider.Lib\CommonProvider.Example.SimpleProvider.Lib.csproj", "{36ED49E3-BD75-4ABA-9F45-0690C4D90AB5}"
EndProject
Project("{FAE04EC0-301F-11D3-BF4B-00C04F79EFBC}") = "CommonProvider.Example.SimpleProvider", "Examples\CommonProvider.Example.SimpleProvider\CommonProvider.Example.SimpleProvider.csproj", "{5AB9856B-5C82-4FF2-95EC-8A5CEC2747A3}"
EndProject
Project("{2150E333-8FDC-42A3-9474-1A3956D46DE8}") = "Build", "Build", "{BF681315-C6DE-4130-BA08-4AF4DE4AA1C6}"
	ProjectSection(SolutionItems) = preProject
		CommonProvider\build_solution.bat = CommonProvider\build_solution.bat
		CommonProvider\CommonProvider.nuspec = CommonProvider\CommonProvider.nuspec
		StyleCop\RunStyleCop.msbuild = StyleCop\RunStyleCop.msbuild
		StyleCop\StyleCop.xsl = StyleCop\StyleCop.xsl
	EndProjectSection
EndProject
Global
	GlobalSection(SolutionConfigurationPlatforms) = preSolution
		Debug|Any CPU = Debug|Any CPU
		DebugNET40|Any CPU = DebugNET40|Any CPU
		DebugNET45|Any CPU = DebugNET45|Any CPU
		Release|Any CPU = Release|Any CPU
		ReleaseNET40|Any CPU = ReleaseNET40|Any CPU
		ReleaseNET45|Any CPU = ReleaseNET45|Any CPU
	EndGlobalSection
	GlobalSection(ProjectConfigurationPlatforms) = postSolution
		{A1387B8D-1C93-42EF-BF76-1E34A97AB5F3}.Debug|Any CPU.ActiveCfg = Debug|Any CPU
		{A1387B8D-1C93-42EF-BF76-1E34A97AB5F3}.Debug|Any CPU.Build.0 = Debug|Any CPU
		{A1387B8D-1C93-42EF-BF76-1E34A97AB5F3}.DebugNET40|Any CPU.ActiveCfg = DebugNET40|Any CPU
		{A1387B8D-1C93-42EF-BF76-1E34A97AB5F3}.DebugNET40|Any CPU.Build.0 = DebugNET40|Any CPU
		{A1387B8D-1C93-42EF-BF76-1E34A97AB5F3}.DebugNET45|Any CPU.ActiveCfg = DebugNET45|Any CPU
		{A1387B8D-1C93-42EF-BF76-1E34A97AB5F3}.DebugNET45|Any CPU.Build.0 = DebugNET45|Any CPU
		{A1387B8D-1C93-42EF-BF76-1E34A97AB5F3}.Release|Any CPU.ActiveCfg = Release|Any CPU
		{A1387B8D-1C93-42EF-BF76-1E34A97AB5F3}.Release|Any CPU.Build.0 = Release|Any CPU
		{A1387B8D-1C93-42EF-BF76-1E34A97AB5F3}.ReleaseNET40|Any CPU.ActiveCfg = ReleaseNET40|Any CPU
		{A1387B8D-1C93-42EF-BF76-1E34A97AB5F3}.ReleaseNET40|Any CPU.Build.0 = ReleaseNET40|Any CPU
		{A1387B8D-1C93-42EF-BF76-1E34A97AB5F3}.ReleaseNET45|Any CPU.ActiveCfg = ReleaseNET45|Any CPU
		{A1387B8D-1C93-42EF-BF76-1E34A97AB5F3}.ReleaseNET45|Any CPU.Build.0 = ReleaseNET45|Any CPU
		{7F7C1F14-EDE4-4FF3-B129-02230255E9B1}.Debug|Any CPU.ActiveCfg = Debug|Any CPU
		{7F7C1F14-EDE4-4FF3-B129-02230255E9B1}.Debug|Any CPU.Build.0 = Debug|Any CPU
		{7F7C1F14-EDE4-4FF3-B129-02230255E9B1}.DebugNET40|Any CPU.ActiveCfg = Debug|Any CPU
		{7F7C1F14-EDE4-4FF3-B129-02230255E9B1}.DebugNET40|Any CPU.Build.0 = Debug|Any CPU
		{7F7C1F14-EDE4-4FF3-B129-02230255E9B1}.DebugNET45|Any CPU.ActiveCfg = Debug|Any CPU
		{7F7C1F14-EDE4-4FF3-B129-02230255E9B1}.DebugNET45|Any CPU.Build.0 = Debug|Any CPU
		{7F7C1F14-EDE4-4FF3-B129-02230255E9B1}.Release|Any CPU.ActiveCfg = Release|Any CPU
		{7F7C1F14-EDE4-4FF3-B129-02230255E9B1}.Release|Any CPU.Build.0 = Release|Any CPU
		{7F7C1F14-EDE4-4FF3-B129-02230255E9B1}.ReleaseNET40|Any CPU.ActiveCfg = Release|Any CPU
		{7F7C1F14-EDE4-4FF3-B129-02230255E9B1}.ReleaseNET40|Any CPU.Build.0 = Release|Any CPU
		{7F7C1F14-EDE4-4FF3-B129-02230255E9B1}.ReleaseNET45|Any CPU.ActiveCfg = Release|Any CPU
		{7F7C1F14-EDE4-4FF3-B129-02230255E9B1}.ReleaseNET45|Any CPU.Build.0 = Release|Any CPU
		{7EB477D3-A1AB-4BC6-A053-A380A7B7859A}.Debug|Any CPU.ActiveCfg = Debug|Any CPU
		{7EB477D3-A1AB-4BC6-A053-A380A7B7859A}.Debug|Any CPU.Build.0 = Debug|Any CPU
		{7EB477D3-A1AB-4BC6-A053-A380A7B7859A}.DebugNET40|Any CPU.ActiveCfg = Debug|Any CPU
		{7EB477D3-A1AB-4BC6-A053-A380A7B7859A}.DebugNET40|Any CPU.Build.0 = Debug|Any CPU
		{7EB477D3-A1AB-4BC6-A053-A380A7B7859A}.DebugNET45|Any CPU.ActiveCfg = Debug|Any CPU
		{7EB477D3-A1AB-4BC6-A053-A380A7B7859A}.DebugNET45|Any CPU.Build.0 = Debug|Any CPU
		{7EB477D3-A1AB-4BC6-A053-A380A7B7859A}.Release|Any CPU.ActiveCfg = Release|Any CPU
		{7EB477D3-A1AB-4BC6-A053-A380A7B7859A}.Release|Any CPU.Build.0 = Release|Any CPU
		{7EB477D3-A1AB-4BC6-A053-A380A7B7859A}.ReleaseNET40|Any CPU.ActiveCfg = Release|Any CPU
		{7EB477D3-A1AB-4BC6-A053-A380A7B7859A}.ReleaseNET40|Any CPU.Build.0 = Release|Any CPU
		{7EB477D3-A1AB-4BC6-A053-A380A7B7859A}.ReleaseNET45|Any CPU.ActiveCfg = Release|Any CPU
		{7EB477D3-A1AB-4BC6-A053-A380A7B7859A}.ReleaseNET45|Any CPU.Build.0 = Release|Any CPU
		{36ED49E3-BD75-4ABA-9F45-0690C4D90AB5}.Debug|Any CPU.ActiveCfg = Debug|Any CPU
		{36ED49E3-BD75-4ABA-9F45-0690C4D90AB5}.Debug|Any CPU.Build.0 = Debug|Any CPU
		{36ED49E3-BD75-4ABA-9F45-0690C4D90AB5}.DebugNET40|Any CPU.ActiveCfg = Debug|Any CPU
		{36ED49E3-BD75-4ABA-9F45-0690C4D90AB5}.DebugNET40|Any CPU.Build.0 = Debug|Any CPU
		{36ED49E3-BD75-4ABA-9F45-0690C4D90AB5}.DebugNET45|Any CPU.ActiveCfg = Debug|Any CPU
		{36ED49E3-BD75-4ABA-9F45-0690C4D90AB5}.DebugNET45|Any CPU.Build.0 = Debug|Any CPU
		{36ED49E3-BD75-4ABA-9F45-0690C4D90AB5}.Release|Any CPU.ActiveCfg = Release|Any CPU
		{36ED49E3-BD75-4ABA-9F45-0690C4D90AB5}.Release|Any CPU.Build.0 = Release|Any CPU
		{36ED49E3-BD75-4ABA-9F45-0690C4D90AB5}.ReleaseNET40|Any CPU.ActiveCfg = Release|Any CPU
		{36ED49E3-BD75-4ABA-9F45-0690C4D90AB5}.ReleaseNET40|Any CPU.Build.0 = Release|Any CPU
		{36ED49E3-BD75-4ABA-9F45-0690C4D90AB5}.ReleaseNET45|Any CPU.ActiveCfg = Release|Any CPU
		{36ED49E3-BD75-4ABA-9F45-0690C4D90AB5}.ReleaseNET45|Any CPU.Build.0 = Release|Any CPU
		{5AB9856B-5C82-4FF2-95EC-8A5CEC2747A3}.Debug|Any CPU.ActiveCfg = Debug|Any CPU
		{5AB9856B-5C82-4FF2-95EC-8A5CEC2747A3}.Debug|Any CPU.Build.0 = Debug|Any CPU
		{5AB9856B-5C82-4FF2-95EC-8A5CEC2747A3}.DebugNET40|Any CPU.ActiveCfg = Debug|Any CPU
		{5AB9856B-5C82-4FF2-95EC-8A5CEC2747A3}.DebugNET40|Any CPU.Build.0 = Debug|Any CPU
		{5AB9856B-5C82-4FF2-95EC-8A5CEC2747A3}.DebugNET45|Any CPU.ActiveCfg = Debug|Any CPU
		{5AB9856B-5C82-4FF2-95EC-8A5CEC2747A3}.DebugNET45|Any CPU.Build.0 = Debug|Any CPU
		{5AB9856B-5C82-4FF2-95EC-8A5CEC2747A3}.Release|Any CPU.ActiveCfg = Release|Any CPU
		{5AB9856B-5C82-4FF2-95EC-8A5CEC2747A3}.Release|Any CPU.Build.0 = Release|Any CPU
		{5AB9856B-5C82-4FF2-95EC-8A5CEC2747A3}.ReleaseNET40|Any CPU.ActiveCfg = Release|Any CPU
		{5AB9856B-5C82-4FF2-95EC-8A5CEC2747A3}.ReleaseNET40|Any CPU.Build.0 = Release|Any CPU
		{5AB9856B-5C82-4FF2-95EC-8A5CEC2747A3}.ReleaseNET45|Any CPU.ActiveCfg = Release|Any CPU
		{5AB9856B-5C82-4FF2-95EC-8A5CEC2747A3}.ReleaseNET45|Any CPU.Build.0 = Release|Any CPU
	EndGlobalSection
	GlobalSection(SolutionProperties) = preSolution
		HideSolutionNode = FALSE
	EndGlobalSection
	GlobalSection(NestedProjects) = preSolution
		{7EB477D3-A1AB-4BC6-A053-A380A7B7859A} = {02A564C5-A9A8-4EF2-90A7-CB47D735003B}
		{36ED49E3-BD75-4ABA-9F45-0690C4D90AB5} = {02A564C5-A9A8-4EF2-90A7-CB47D735003B}
		{5AB9856B-5C82-4FF2-95EC-8A5CEC2747A3} = {02A564C5-A9A8-4EF2-90A7-CB47D735003B}
	EndGlobalSection
EndGlobal
